
Microsoft Visual Studio Solution File, Format Version 12.00
# Visual Studio Version 17
VisualStudioVersion = 17.5.002.0
MinimumVisualStudioVersion = 10.0.40219.1
Project("{2150E333-8FDC-42A3-9474-1A3956D46DE8}") = "Labfiles", "Labfiles", "{C9BBF91F-623B-42BB-8CC6-2C3362537A06}"
EndProject
Project("{2150E333-8FDC-42A3-9474-1A3956D46DE8}") = "07-custom-vision-image-classification", "07-custom-vision-image-classification", "{BB9C6A4F-02E6-411E-BA55-8047A4C59560}"
EndProject
Project("{2150E333-8FDC-42A3-9474-1A3956D46DE8}") = "C-Sharp", "C-Sharp", "{2E86312E-D848-4DCC-95D5-28DC8CB04E69}"
EndProject
Project("{9A19103F-16F7-4668-BE54-9A1E7A4F7556}") = "test-classifier", "Labfiles\07-custom-vision-image-classification\C-Sharp\test-classifier\test-classifier.csproj", "{5842DB75-48A4-464D-B648-3EAD9AB550A1}"
EndProject
Project("{9A19103F-16F7-4668-BE54-9A1E7A4F7556}") = "train-classifier", "Labfiles\07-custom-vision-image-classification\C-Sharp\train-classifier\train-classifier.csproj", "{6A05CF4B-5025-41A7-9F37-D00AFEFBED0E}"
EndProject
Project("{2150E333-8FDC-42A3-9474-1A3956D46DE8}") = "04-face", "04-face", "{53226845-E55A-4CDA-B427-13E62B146D73}"
EndProject
Project("{2150E333-8FDC-42A3-9474-1A3956D46DE8}") = "C-Sharp", "C-Sharp", "{5B8EA75B-BE38-498F-B70B-84EA87027B85}"
EndProject
Project("{9A19103F-16F7-4668-BE54-9A1E7A4F7556}") = "analyze-faces", "Labfiles\04-face\C-Sharp\face-api\analyze-faces.csproj", "{E0EB98E6-B597-4C2F-AD31-EAB7B91DC155}"
EndProject
Project("{9A19103F-16F7-4668-BE54-9A1E7A4F7556}") = "detect-people", "Labfiles\04-face\C-Sharp\computer-vision\detect-people.csproj", "{A6332C3C-D269-4706-B9C7-3058E0739FD8}"
EndProject
Project("{2150E333-8FDC-42A3-9474-1A3956D46DE8}") = "05-ocr", "05-ocr", "{6A4833EA-A8AC-4399-BB04-AD22F7763987}"
EndProject
Project("{2150E333-8FDC-42A3-9474-1A3956D46DE8}") = "C-Sharp", "C-Sharp", "{876537DC-4D2D-450E-B020-8423A84679C0}"
EndProject
Project("{9A19103F-16F7-4668-BE54-9A1E7A4F7556}") = "read-text", "Labfiles\05-ocr\C-Sharp\read-text\read-text.csproj", "{EDDF3055-0B77-42F8-9B92-B0D03F30B89D}"
EndProject
Project("{2150E333-8FDC-42A3-9474-1A3956D46DE8}") = "03-object-detection", "03-object-detection", "{BCFB23B0-B1B4-46E4-A614-8D6A3DCE74C0}"
EndProject
Project("{2150E333-8FDC-42A3-9474-1A3956D46DE8}") = "C-Sharp", "C-Sharp", "{BD99301B-E3FB-4EE7-9200-7318C958353E}"
EndProject
Project("{9A19103F-16F7-4668-BE54-9A1E7A4F7556}") = "test-detector", "Labfiles\03-object-detection\C-Sharp\test-detector\test-detector.csproj", "{4FDB3F26-0350-40AE-84A2-75C176162697}"
EndProject
Project("{9A19103F-16F7-4668-BE54-9A1E7A4F7556}") = "train-detector", "Labfiles\03-object-detection\C-Sharp\train-detector\train-detector.csproj", "{3EF40466-B552-48B6-9A04-DED57571C757}"
EndProject
Project("{2150E333-8FDC-42A3-9474-1A3956D46DE8}") = "01-analyze-images", "01-analyze-images", "{57D99A92-3022-477B-AFC7-C08A87F8604B}"
EndProject
Project("{2150E333-8FDC-42A3-9474-1A3956D46DE8}") = "C-Sharp", "C-Sharp", "{D079D75C-2DE2-4D24-A193-FBD6321147CB}"
EndProject
Project("{9A19103F-16F7-4668-BE54-9A1E7A4F7556}") = "image-analysis", "Labfiles\01-analyze-images\C-Sharp\image-analysis\image-analysis.csproj", "{24FF6C6D-EBE0-4474-AD32-CBA5180D9FAA}"
EndProject
Global
	GlobalSection(SolutionConfigurationPlatforms) = preSolution
		Debug|Any CPU = Debug|Any CPU
		Release|Any CPU = Release|Any CPU
	EndGlobalSection
	GlobalSection(ProjectConfigurationPlatforms) = postSolution
		{5842DB75-48A4-464D-B648-3EAD9AB550A1}.Debug|Any CPU.ActiveCfg = Debug|Any CPU
		{5842DB75-48A4-464D-B648-3EAD9AB550A1}.Debug|Any CPU.Build.0 = Debug|Any CPU
		{5842DB75-48A4-464D-B648-3EAD9AB550A1}.Release|Any CPU.ActiveCfg = Release|Any CPU
		{5842DB75-48A4-464D-B648-3EAD9AB550A1}.Release|Any CPU.Build.0 = Release|Any CPU
		{6A05CF4B-5025-41A7-9F37-D00AFEFBED0E}.Debug|Any CPU.ActiveCfg = Debug|Any CPU
		{6A05CF4B-5025-41A7-9F37-D00AFEFBED0E}.Debug|Any CPU.Build.0 = Debug|Any CPU
		{6A05CF4B-5025-41A7-9F37-D00AFEFBED0E}.Release|Any CPU.ActiveCfg = Release|Any CPU
		{6A05CF4B-5025-41A7-9F37-D00AFEFBED0E}.Release|Any CPU.Build.0 = Release|Any CPU
		{E0EB98E6-B597-4C2F-AD31-EAB7B91DC155}.Debug|Any CPU.ActiveCfg = Debug|Any CPU
		{E0EB98E6-B597-4C2F-AD31-EAB7B91DC155}.Debug|Any CPU.Build.0 = Debug|Any CPU
		{E0EB98E6-B597-4C2F-AD31-EAB7B91DC155}.Release|Any CPU.ActiveCfg = Release|Any CPU
		{E0EB98E6-B597-4C2F-AD31-EAB7B91DC155}.Release|Any CPU.Build.0 = Release|Any CPU
		{A6332C3C-D269-4706-B9C7-3058E0739FD8}.Debug|Any CPU.ActiveCfg = Debug|Any CPU
		{A6332C3C-D269-4706-B9C7-3058E0739FD8}.Debug|Any CPU.Build.0 = Debug|Any CPU
		{A6332C3C-D269-4706-B9C7-3058E0739FD8}.Release|Any CPU.ActiveCfg = Release|Any CPU
		{A6332C3C-D269-4706-B9C7-3058E0739FD8}.Release|Any CPU.Build.0 = Release|Any CPU
		{EDDF3055-0B77-42F8-9B92-B0D03F30B89D}.Debug|Any CPU.ActiveCfg = Debug|Any CPU
		{EDDF3055-0B77-42F8-9B92-B0D03F30B89D}.Debug|Any CPU.Build.0 = Debug|Any CPU
		{EDDF3055-0B77-42F8-9B92-B0D03F30B89D}.Release|Any CPU.ActiveCfg = Release|Any CPU
		{EDDF3055-0B77-42F8-9B92-B0D03F30B89D}.Release|Any CPU.Build.0 = Release|Any CPU
		{4FDB3F26-0350-40AE-84A2-75C176162697}.Debug|Any CPU.ActiveCfg = Debug|Any CPU
		{4FDB3F26-0350-40AE-84A2-75C176162697}.Debug|Any CPU.Build.0 = Debug|Any CPU
		{4FDB3F26-0350-40AE-84A2-75C176162697}.Release|Any CPU.ActiveCfg = Release|Any CPU
		{4FDB3F26-0350-40AE-84A2-75C176162697}.Release|Any CPU.Build.0 = Release|Any CPU
		{3EF40466-B552-48B6-9A04-DED57571C757}.Debug|Any CPU.ActiveCfg = Debug|Any CPU
		{3EF40466-B552-48B6-9A04-DED57571C757}.Debug|Any CPU.Build.0 = Debug|Any CPU
		{3EF40466-B552-48B6-9A04-DED57571C757}.Release|Any CPU.ActiveCfg = Release|Any CPU
		{3EF40466-B552-48B6-9A04-DED57571C757}.Release|Any CPU.Build.0 = Release|Any CPU
		{24FF6C6D-EBE0-4474-AD32-CBA5180D9FAA}.Debug|Any CPU.ActiveCfg = Debug|Any CPU
		{24FF6C6D-EBE0-4474-AD32-CBA5180D9FAA}.Debug|Any CPU.Build.0 = Debug|Any CPU
		{24FF6C6D-EBE0-4474-AD32-CBA5180D9FAA}.Release|Any CPU.ActiveCfg = Release|Any CPU
		{24FF6C6D-EBE0-4474-AD32-CBA5180D9FAA}.Release|Any CPU.Build.0 = Release|Any CPU
	EndGlobalSection
	GlobalSection(SolutionProperties) = preSolution
		HideSolutionNode = FALSE
	EndGlobalSection
	GlobalSection(NestedProjects) = preSolution
		{BB9C6A4F-02E6-411E-BA55-8047A4C59560} = {C9BBF91F-623B-42BB-8CC6-2C3362537A06}
		{2E86312E-D848-4DCC-95D5-28DC8CB04E69} = {BB9C6A4F-02E6-411E-BA55-8047A4C59560}
		{5842DB75-48A4-464D-B648-3EAD9AB550A1} = {2E86312E-D848-4DCC-95D5-28DC8CB04E69}
		{6A05CF4B-5025-41A7-9F37-D00AFEFBED0E} = {2E86312E-D848-4DCC-95D5-28DC8CB04E69}
		{53226845-E55A-4CDA-B427-13E62B146D73} = {C9BBF91F-623B-42BB-8CC6-2C3362537A06}
		{5B8EA75B-BE38-498F-B70B-84EA87027B85} = {53226845-E55A-4CDA-B427-13E62B146D73}
		{E0EB98E6-B597-4C2F-AD31-EAB7B91DC155} = {5B8EA75B-BE38-498F-B70B-84EA87027B85}
		{A6332C3C-D269-4706-B9C7-3058E0739FD8} = {5B8EA75B-BE38-498F-B70B-84EA87027B85}
		{6A4833EA-A8AC-4399-BB04-AD22F7763987} = {C9BBF91F-623B-42BB-8CC6-2C3362537A06}
		{876537DC-4D2D-450E-B020-8423A84679C0} = {6A4833EA-A8AC-4399-BB04-AD22F7763987}
		{EDDF3055-0B77-42F8-9B92-B0D03F30B89D} = {876537DC-4D2D-450E-B020-8423A84679C0}
		{BCFB23B0-B1B4-46E4-A614-8D6A3DCE74C0} = {C9BBF91F-623B-42BB-8CC6-2C3362537A06}
		{BD99301B-E3FB-4EE7-9200-7318C958353E} = {BCFB23B0-B1B4-46E4-A614-8D6A3DCE74C0}
		{4FDB3F26-0350-40AE-84A2-75C176162697} = {BD99301B-E3FB-4EE7-9200-7318C958353E}
		{3EF40466-B552-48B6-9A04-DED57571C757} = {BD99301B-E3FB-4EE7-9200-7318C958353E}
		{57D99A92-3022-477B-AFC7-C08A87F8604B} = {C9BBF91F-623B-42BB-8CC6-2C3362537A06}
		{D079D75C-2DE2-4D24-A193-FBD6321147CB} = {57D99A92-3022-477B-AFC7-C08A87F8604B}
		{24FF6C6D-EBE0-4474-AD32-CBA5180D9FAA} = {D079D75C-2DE2-4D24-A193-FBD6321147CB}
	EndGlobalSection
	GlobalSection(ExtensibilityGlobals) = postSolution
		SolutionGuid = {6B03A4D9-5186-4D66-8700-EC27BEC4F3C9}
	EndGlobalSection
EndGlobal
